{
  "name": "trans-render",
  "version": "0.0.95",
  "lockfileVersion": 1,
  "requires": true,
  "dependencies": {
    "buffer-from": {
      "version": "1.1.1",
      "resolved": "https://registry.npmjs.org/buffer-from/-/buffer-from-1.1.1.tgz",
      "integrity": "sha512-MQcXEUbCKtEo7bhqEs6560Hyd4XaovZlO/k9V3hjVUF/zwW7KBVdSK4gIt/bzwS9MbR5qob+F5jusZsb0YQK2A==",
      "dev": true
    },
    "commander": {
      "version": "2.17.1",
      "resolved": "https://registry.npmjs.org/commander/-/commander-2.17.1.tgz",
      "integrity": "sha512-wPMUt6FnH2yzG95SA6mzjQOEKUU3aLaDEmzs1ti+1E9h+CsrZghRlqEM/EJ4KscsQVG8uNN4uVreUeT8+drlgg==",
      "dev": true
    },
    "event-switch": {
      "version": "0.0.12",
      "resolved": "https://registry.npmjs.org/event-switch/-/event-switch-0.0.12.tgz",
      "integrity": "sha512-T4ZNewAhMsLkurklQwzznYsz7MHqhriwZHxYFLRHY+TfIbSTAOoB1IO4QibezD2D7HEdQnIb99v+eSV2N4KIbg=="
    },
    "jiife": {
      "version": "0.0.11",
      "resolved": "https://registry.npmjs.org/jiife/-/jiife-0.0.11.tgz",
      "integrity": "sha512-/m/EqLH4Y1NcZzSRQr0tFLhUJpr3Q2zoEjQWaJIcXYi5bk6l+tOIlvVg8Hs0hI1T22QAkrEFCl8+Bt3PMRT+FA==",
      "dev": true,
      "requires": {
        "terser": "3.11.0"
      }
    },
    "source-map": {
      "version": "0.6.1",
      "resolved": "https://registry.npmjs.org/source-map/-/source-map-0.6.1.tgz",
      "integrity": "sha512-UjgapumWlbMhkBgzT7Ykc5YXUT46F0iKu8SGXq0bcwP5dz/h0Plj6enJqjz1Zbq2l5WaqYnrVbwWOWMyF3F47g==",
      "dev": true
    },
    "source-map-support": {
      "version": "0.5.9",
      "resolved": "https://registry.npmjs.org/source-map-support/-/source-map-support-0.5.9.tgz",
      "integrity": "sha512-gR6Rw4MvUlYy83vP0vxoVNzM6t8MUXqNuRsuBmBHQDu1Fh6X015FrLdgoDKcNdkwGubozq0P4N0Q37UyFVr1EA==",
      "dev": true,
      "requires": {
        "buffer-from": "^1.0.0",
        "source-map": "^0.6.0"
      }
    },
    "terser": {
      "version": "3.11.0",
      "resolved": "https://registry.npmjs.org/terser/-/terser-3.11.0.tgz",
      "integrity": "sha512-5iLMdhEPIq3zFWskpmbzmKwMQixKmTYwY3Ox9pjtSklBLnHiuQ0GKJLhL1HSYtyffHM3/lDIFBnb82m9D7ewwQ==",
      "dev": true,
      "requires": {
        "commander": "~2.17.1",
        "source-map": "~0.6.1",
        "source-map-support": "~0.5.6"
      }
    },
    "trans-render": {
      "version": "0.0.95",
      "resolved": "https://registry.npmjs.org/trans-render/-/trans-render-0.0.95.tgz",
      "integrity": "sha512-ss+ZkfFodTKYNaGBawKcGRIe+7hyycILB3ANJA+ED4SaDInGXQ26+v2YyZN0fja63d0kwYoYjXv1Mps7M5cfmg==",
      "requires": {
        "xtal-latx": "0.0.88"
      }
    },
    "xtal-element": {
      "version": "0.0.44",
      "resolved": "https://registry.npmjs.org/xtal-element/-/xtal-element-0.0.44.tgz",
      "integrity": "sha512-ttCSLXV7BauApDxPhC4oFA4RVUBydRIjtj0YTjAQms5JZzJUxIeb0AeUA1obPGDyW+h1Aw6ocG3lT8qLQ237pA==",
      "requires": {
        "event-switch": "0.0.12",
        "trans-render": "0.0.95"
      }
    },
    "xtal-latx": {
      "version": "0.0.88",
      "resolved": "https://registry.npmjs.org/xtal-latx/-/xtal-latx-0.0.88.tgz",
      "integrity": "sha512-zkfvHGGKR5EeNbHKp5oMhNc9a8tl/IoxsxMlRqgEHjZ7rPW1zZFHn6Zdnhbq1NdWVVPhcw+9CbH/+5g+gExPjg=="
    }
  }
}
