{
  "name": "trans-render",
  "version": "0.0.879",
  "lockfileVersion": 2,
  "requires": true,
  "packages": {
    "": {
      "name": "trans-render",
      "version": "0.0.879",
      "license": "MIT",
      "dependencies": {
        "mount-observer": "0.0.40"
      },
      "devDependencies": {
        "@playwright/test": "1.49.1",
        "ssi-server": "0.0.1"
      }
    },
    "node_modules/@playwright/test": {
      "version": "1.49.1",
      "resolved": "https://registry.npmjs.org/@playwright/test/-/test-1.49.1.tgz",
      "integrity": "sha512-Ky+BVzPz8pL6PQxHqNRW1k3mIyv933LML7HktS8uik0bUXNCdPhoS/kLihiO1tMf/egaJb4IutXd7UywvXEW+g==",
      "dev": true,
      "license": "Apache-2.0",
      "dependencies": {
        "playwright": "1.49.1"
      },
      "bin": {
        "playwright": "cli.js"
      },
      "engines": {
        "node": ">=18"
      }
    },
    "node_modules/fsevents": {
      "version": "2.3.2",
      "resolved": "https://registry.npmjs.org/fsevents/-/fsevents-2.3.2.tgz",
      "integrity": "sha512-xiqMQR4xAeHTuB9uWm+fFRcIOgKBMiOBP+eXiyT7jsgVCq1bkVygt00oASowB7EdtpOHaaPgKt812P9ab+DDKA==",
      "dev": true,
      "hasInstallScript": true,
      "license": "MIT",
      "optional": true,
      "os": [
        "darwin"
      ],
      "engines": {
        "node": "^8.16.0 || ^10.6.0 || >=11.0.0"
      }
    },
    "node_modules/mount-observer": {
      "version": "0.0.40",
      "resolved": "https://registry.npmjs.org/mount-observer/-/mount-observer-0.0.40.tgz",
      "integrity": "sha512-IkgvCMxrfghfkxWAdX9C0Nl2K/Vx1f8lXMTjaH+v9EWbeVVwTeQUpJ6bE5/RxlcxXhj9JOtHDJiNLg+gbMwWvA==",
      "license": "MIT"
    },
    "node_modules/playwright": {
      "version": "1.49.1",
      "resolved": "https://registry.npmjs.org/playwright/-/playwright-1.49.1.tgz",
      "integrity": "sha512-VYL8zLoNTBxVOrJBbDuRgDWa3i+mfQgDTrL8Ah9QXZ7ax4Dsj0MSq5bYgytRnDVVe+njoKnfsYkH3HzqVj5UZA==",
      "dev": true,
      "license": "Apache-2.0",
      "dependencies": {
        "playwright-core": "1.49.1"
      },
      "bin": {
        "playwright": "cli.js"
      },
      "engines": {
        "node": ">=18"
      },
      "optionalDependencies": {
        "fsevents": "2.3.2"
      }
    },
    "node_modules/playwright-core": {
      "version": "1.49.1",
      "resolved": "https://registry.npmjs.org/playwright-core/-/playwright-core-1.49.1.tgz",
      "integrity": "sha512-BzmpVcs4kE2CH15rWfzpjzVGhWERJfmnXmniSyKeRZUs9Ws65m+RGIi7mjJK/euCegfn3i7jvqWeWyHe9y3Vgg==",
      "dev": true,
      "license": "Apache-2.0",
      "bin": {
        "playwright-core": "cli.js"
      },
      "engines": {
        "node": ">=18"
      }
    },
    "node_modules/ssi-server": {
      "version": "0.0.1",
      "resolved": "https://registry.npmjs.org/ssi-server/-/ssi-server-0.0.1.tgz",
      "integrity": "sha512-HdgGAl+z7O0lq3Bl4cCnj4tKg7mG3rI4srKnaoPTHIzHO4QMMdvP9z6IDRz1fIpgLBMi6b6ZnvbYa2TSPjBhpg==",
      "dev": true
    }
  },
  "dependencies": {
    "@playwright/test": {
      "version": "1.49.1",
      "resolved": "https://registry.npmjs.org/@playwright/test/-/test-1.49.1.tgz",
      "integrity": "sha512-Ky+BVzPz8pL6PQxHqNRW1k3mIyv933LML7HktS8uik0bUXNCdPhoS/kLihiO1tMf/egaJb4IutXd7UywvXEW+g==",
      "dev": true,
      "requires": {
        "playwright": "1.49.1"
      }
    },
    "fsevents": {
      "version": "2.3.2",
      "resolved": "https://registry.npmjs.org/fsevents/-/fsevents-2.3.2.tgz",
      "integrity": "sha512-xiqMQR4xAeHTuB9uWm+fFRcIOgKBMiOBP+eXiyT7jsgVCq1bkVygt00oASowB7EdtpOHaaPgKt812P9ab+DDKA==",
      "dev": true,
      "optional": true
    },
    "mount-observer": {
      "version": "0.0.40",
      "resolved": "https://registry.npmjs.org/mount-observer/-/mount-observer-0.0.40.tgz",
      "integrity": "sha512-IkgvCMxrfghfkxWAdX9C0Nl2K/Vx1f8lXMTjaH+v9EWbeVVwTeQUpJ6bE5/RxlcxXhj9JOtHDJiNLg+gbMwWvA=="
    },
    "playwright": {
      "version": "1.49.1",
      "resolved": "https://registry.npmjs.org/playwright/-/playwright-1.49.1.tgz",
      "integrity": "sha512-VYL8zLoNTBxVOrJBbDuRgDWa3i+mfQgDTrL8Ah9QXZ7ax4Dsj0MSq5bYgytRnDVVe+njoKnfsYkH3HzqVj5UZA==",
      "dev": true,
      "requires": {
        "fsevents": "2.3.2",
        "playwright-core": "1.49.1"
      }
    },
    "playwright-core": {
      "version": "1.49.1",
      "resolved": "https://registry.npmjs.org/playwright-core/-/playwright-core-1.49.1.tgz",
      "integrity": "sha512-BzmpVcs4kE2CH15rWfzpjzVGhWERJfmnXmniSyKeRZUs9Ws65m+RGIi7mjJK/euCegfn3i7jvqWeWyHe9y3Vgg==",
      "dev": true
    },
    "ssi-server": {
      "version": "0.0.1",
      "resolved": "https://registry.npmjs.org/ssi-server/-/ssi-server-0.0.1.tgz",
      "integrity": "sha512-HdgGAl+z7O0lq3Bl4cCnj4tKg7mG3rI4srKnaoPTHIzHO4QMMdvP9z6IDRz1fIpgLBMi6b6ZnvbYa2TSPjBhpg==",
      "dev": true
    }
  }
}
